
Microsoft Visual Studio Solution File, Format Version 12.00
# Visual Studio Version 17
VisualStudioVersion = 17.6.33829.357
MinimumVisualStudioVersion = 10.0.40219.1
Project("{FAE04EC0-301F-11D3-BF4B-00C04F79EFBC}") = "Casgem_IdentityRole", "Casgem_IdentityRole\Casgem_IdentityRole.csproj", "{9E9ABE8B-FF4C-4D0A-8AB1-286A4AD19954}"
EndProject
Global
	GlobalSection(SolutionConfigurationPlatforms) = preSolution
		Debug|Any CPU = Debug|Any CPU
		Release|Any CPU = Release|Any CPU
	EndGlobalSection
	GlobalSection(ProjectConfigurationPlatforms) = postSolution
		{9E9ABE8B-FF4C-4D0A-8AB1-286A4AD19954}.Debug|Any CPU.ActiveCfg = Debug|Any CPU
		{9E9ABE8B-FF4C-4D0A-8AB1-286A4AD19954}.Debug|Any CPU.Build.0 = Debug|Any CPU
		{9E9ABE8B-FF4C-4D0A-8AB1-286A4AD19954}.Release|Any CPU.ActiveCfg = Release|Any CPU
		{9E9ABE8B-FF4C-4D0A-8AB1-286A4AD19954}.Release|Any CPU.Build.0 = Release|Any CPU
	EndGlobalSection
	GlobalSection(SolutionProperties) = preSolution
		HideSolutionNode = FALSE
	EndGlobalSection
	GlobalSection(ExtensibilityGlobals) = postSolution
		SolutionGuid = {4D2E0B97-14B6-47CF-BCEC-2B4CA470CFD6}
	EndGlobalSection
EndGlobal
